
Microsoft Visual Studio Solution File, Format Version 12.00
# Visual Studio Version 16
VisualStudioVersion = 16.0.30413.136
MinimumVisualStudioVersion = 10.0.40219.1
Project("{FAE04EC0-301F-11D3-BF4B-00C04F79EFBC}") = "CCS2.0", "CCS2.0\CCS2.0.csproj", "{357E77DD-1117-49F0-8D72-F4C13F2B1B28}"
EndProject
Project("{FAE04EC0-301F-11D3-BF4B-00C04F79EFBC}") = "DataLibrary", "DataLibrary\DataLibrary.csproj", "{28EAF38F-1068-4E45-943A-8A129A93A165}"
EndProject
Global
	GlobalSection(SolutionConfigurationPlatforms) = preSolution
		Debug|Any CPU = Debug|Any CPU
		Release|Any CPU = Release|Any CPU
	EndGlobalSection
	GlobalSection(ProjectConfigurationPlatforms) = postSolution
		{357E77DD-1117-49F0-8D72-F4C13F2B1B28}.Debug|Any CPU.ActiveCfg = Debug|Any CPU
		{357E77DD-1117-49F0-8D72-F4C13F2B1B28}.Debug|Any CPU.Build.0 = Debug|Any CPU
		{357E77DD-1117-49F0-8D72-F4C13F2B1B28}.Release|Any CPU.ActiveCfg = Release|Any CPU
		{357E77DD-1117-49F0-8D72-F4C13F2B1B28}.Release|Any CPU.Build.0 = Release|Any CPU
		{28EAF38F-1068-4E45-943A-8A129A93A165}.Debug|Any CPU.ActiveCfg = Debug|Any CPU
		{28EAF38F-1068-4E45-943A-8A129A93A165}.Debug|Any CPU.Build.0 = Debug|Any CPU
		{28EAF38F-1068-4E45-943A-8A129A93A165}.Release|Any CPU.ActiveCfg = Release|Any CPU
		{28EAF38F-1068-4E45-943A-8A129A93A165}.Release|Any CPU.Build.0 = Release|Any CPU
	EndGlobalSection
	GlobalSection(SolutionProperties) = preSolution
		HideSolutionNode = FALSE
	EndGlobalSection
	GlobalSection(ExtensibilityGlobals) = postSolution
		SolutionGuid = {5D3F98A2-B9DA-44D7-9362-70556285D159}
	EndGlobalSection
EndGlobal
