
Microsoft Visual Studio Solution File, Format Version 12.00
# Visual Studio Version 16
VisualStudioVersion = 16.0.30503.244
MinimumVisualStudioVersion = 10.0.40219.1
Project("{9A19103F-16F7-4668-BE54-9A1E7A4F7556}") = "ClassroomConnectionSystem1.0", "ClassroomConnectionSystem1.0\ClassroomConnectionSystem1.0.csproj", "{C5A788E8-270E-4AC8-A8EF-29B79E314532}"
EndProject
Project("{FAE04EC0-301F-11D3-BF4B-00C04F79EFBC}") = "DataLibrary", "ClassroomConnectionSystem1.0\DataLibrary\DataLibrary.csproj", "{BBF37EB0-45FB-4274-9705-314AC2A1872A}"
EndProject
Global
	GlobalSection(SolutionConfigurationPlatforms) = preSolution
		Debug|Any CPU = Debug|Any CPU
		Release|Any CPU = Release|Any CPU
	EndGlobalSection
	GlobalSection(ProjectConfigurationPlatforms) = postSolution
		{C5A788E8-270E-4AC8-A8EF-29B79E314532}.Debug|Any CPU.ActiveCfg = Debug|Any CPU
		{C5A788E8-270E-4AC8-A8EF-29B79E314532}.Debug|Any CPU.Build.0 = Debug|Any CPU
		{C5A788E8-270E-4AC8-A8EF-29B79E314532}.Release|Any CPU.ActiveCfg = Release|Any CPU
		{C5A788E8-270E-4AC8-A8EF-29B79E314532}.Release|Any CPU.Build.0 = Release|Any CPU
		{BBF37EB0-45FB-4274-9705-314AC2A1872A}.Debug|Any CPU.ActiveCfg = Debug|Any CPU
		{BBF37EB0-45FB-4274-9705-314AC2A1872A}.Debug|Any CPU.Build.0 = Debug|Any CPU
		{BBF37EB0-45FB-4274-9705-314AC2A1872A}.Release|Any CPU.ActiveCfg = Release|Any CPU
		{BBF37EB0-45FB-4274-9705-314AC2A1872A}.Release|Any CPU.Build.0 = Release|Any CPU
	EndGlobalSection
	GlobalSection(SolutionProperties) = preSolution
		HideSolutionNode = FALSE
	EndGlobalSection
	GlobalSection(ExtensibilityGlobals) = postSolution
		SolutionGuid = {5F66D6AA-DF29-4256-9AEC-137A736EA61F}
	EndGlobalSection
EndGlobal
